PODS:
  - Aspects (1.4.1)
  - HoloLifecycle (2.1.0):
    - Aspects

DEPENDENCIES:
  - HoloLifecycle (from `../`)

SPEC REPOS:
  trunk:
    - Aspects

EXTERNAL SOURCES:
  HoloLifecycle:
    :path: "../"

SPEC CHECKSUMS:
  Aspects: 7595ba96a6727a58ebcbfc954497fc5d2fdde546
  HoloLifecycle: 4a59204573fcc37f9b75a87d0e1ecbf900774d75

PODFILE CHECKSUM: 76f1d25e350d8f1a855b9682df15540670624047

COCOAPODS: 1.9.3
