PODS:
  - Aspects (1.4.1)
  - HoloLifecycle (0.3.0):
    - Aspects

DEPENDENCIES:
  - HoloLifecycle (from `../`)

SPEC REPOS:
  trunk:
    - Aspects

EXTERNAL SOURCES:
  HoloLifecycle:
    :path: "../"

SPEC CHECKSUMS:
  Aspects: 7595ba96a6727a58ebcbfc954497fc5d2fdde546
  HoloLifecycle: ef2702663610ea6c4dff9b0b511ca8bc6cf1cfa8

PODFILE CHECKSUM: 76f1d25e350d8f1a855b9682df15540670624047

COCOAPODS: 1.9.1
